// !$*UTF8*$!
{
	archiveVersion = 1;
	classes = {
	};
	objectVersion = 50;
	objects = {

/* Begin PBXBuildFile section */
		9CC3BF072089F7ED0037418D /* AppDelegate.m in Sources */ = {isa = PBXBuildFile; fileRef = 9CC3BF062089F7ED0037418D /* AppDelegate.m */; };
		9CC3BF0A2089F7ED0037418D /* ViewController.m in Sources */ = {isa = PBXBuildFile; fileRef = 9CC3BF092089F7ED0037418D /* ViewController.m */; };
		9CC3BF0D2089F7ED0037418D /* Main.storyboard in Resources */ = {isa = PBXBuildFile; fileRef = 9CC3BF0B2089F7ED0037418D /* Main.storyboard */; };
		9CC3BF0F2089F7EF0037418D /* Assets.xcassets in Resources */ = {isa = PBXBuildFile; fileRef = 9CC3BF0E2089F7EF0037418D /* Assets.xcassets */; };
		9CC3BF122089F7EF0037418D /* LaunchScreen.storyboard in Resources */ = {isa = PBXBuildFile; fileRef = 9CC3BF102089F7EF0037418D /* LaunchScreen.storyboard */; };
		9CC3BF152089F7EF0037418D /* main.m in Sources */ = {isa = PBXBuildFile; fileRef = 9CC3BF142089F7EF0037418D /* main.m */; };
		EBBB34DD16986B8C3A0E0B6F /* libPods-ZytInjectContentExampleProj.a in Frameworks */ = {isa = PBXBuildFile; fileRef = D6E2F635DD3ABE5D38295FCA /* libPods-ZytInjectContentExampleProj.a */; };
/* End PBXBuildFile section */

/* Begin PBXFileReference section */
		6EECDF403D4AB64DBDE03A27 /* Pods-ZytInjectContentExampleProj.debug.xcconfig */ = {isa = PBXFileReference; includeInIndex = 1; lastKnownFileType = text.xcconfig; name = "Pods-ZytInjectContentExampleProj.debug.xcconfig"; path = "Pods/Target Support Files/Pods-ZytInjectContentExampleProj/Pods-ZytInjectContentExampleProj.debug.xcconfig"; sourceTree = "<group>"; };
		9CC3BF022089F7ED0037418D /* ZytInjectContentExampleProj.app */ = {isa = PBXFileReference; explicitFileType = wrapper.application; includeInIndex = 0; path = ZytInjectContentExampleProj.app; sourceTree = BUILT_PRODUCTS_DIR; };
		9CC3BF052089F7ED0037418D /* AppDelegate.h */ = {isa = PBXFileReference; lastKnownFileType = sourcecode.c.h; path = AppDelegate.h; sourceTree = "<group>"; };
		9CC3BF062089F7ED0037418D /* AppDelegate.m */ = {isa = PBXFileReference; lastKnownFileType = sourcecode.c.objc; path = AppDelegate.m; sourceTree = "<group>"; };
		9CC3BF082089F7ED0037418D /* ViewController.h */ = {isa = PBXFileReference; lastKnownFileType = sourcecode.c.h; path = ViewController.h; sourceTree = "<group>"; };
		9CC3BF092089F7ED0037418D /* ViewController.m */ = {isa = PBXFileReference; lastKnownFileType = sourcecode.c.objc; path = ViewController.m; sourceTree = "<group>"; };
		9CC3BF0C2089F7ED0037418D /* Base */ = {isa = PBXFileReference; lastKnownFileType = file.storyboard; name = Base; path = Base.lproj/Main.storyboard; sourceTree = "<group>"; };
		9CC3BF0E2089F7EF0037418D /* Assets.xcassets */ = {isa = PBXFileReference; lastKnownFileType = folder.assetcatalog; path = Assets.xcassets; sourceTree = "<group>"; };
		9CC3BF112089F7EF0037418D /* Base */ = {isa = PBXFileReference; lastKnownFileType = file.storyboard; name = Base; path = Base.lproj/LaunchScreen.storyboard; sourceTree = "<group>"; };
		9CC3BF132089F7EF0037418D /* Info.plist */ = {isa = PBXFileReference; lastKnownFileType = text.plist.xml; path = Info.plist; sourceTree = "<group>"; };
		9CC3BF142089F7EF0037418D /* main.m */ = {isa = PBXFileReference; lastKnownFileType = sourcecode.c.objc; path = main.m; sourceTree = "<group>"; };
		D6E2F635DD3ABE5D38295FCA /* libPods-ZytInjectContentExampleProj.a */ = {isa = PBXFileReference; explicitFileType = archive.ar; includeInIndex = 0; path = "libPods-ZytInjectContentExampleProj.a"; sourceTree = BUILT_PRODUCTS_DIR; };
		E22CCB6C0A5D82E982E55495 /* Pods-ZytInjectContentExampleProj.release.xcconfig */ = {isa = PBXFileReference; includeInIndex = 1; lastKnownFileType = text.xcconfig; name = "Pods-ZytInjectContentExampleProj.release.xcconfig"; path = "Pods/Target Support Files/Pods-ZytInjectContentExampleProj/Pods-ZytInjectContentExampleProj.release.xcconfig"; sourceTree = "<group>"; };
/* End PBXFileReference section */

/* Begin PBXFrameworksBuildPhase section */
		9CC3BEFF2089F7ED0037418D /* Frameworks */ = {
			isa = PBXFrameworksBuildPhase;
			buildActionMask = 2147483647;
			files = (
				EBBB34DD16986B8C3A0E0B6F /* libPods-ZytInjectContentExampleProj.a in Frameworks */,
			);
			runOnlyForDeploymentPostprocessing = 0;
		};
/* End PBXFrameworksBuildPhase section */

/* Begin PBXGroup section */
		603DD94C180798A37733E1F6 /* Pods */ = {
			isa = PBXGroup;
			children = (
				6EECDF403D4AB64DBDE03A27 /* Pods-ZytInjectContentExampleProj.debug.xcconfig */,
				E22CCB6C0A5D82E982E55495 /* Pods-ZytInjectContentExampleProj.release.xcconfig */,
			);
			name = Pods;
			sourceTree = "<group>";
		};
		9CC3BEF92089F7ED0037418D = {
			isa = PBXGroup;
			children = (
				9CC3BF042089F7ED0037418D /* ZytInjectContentExampleProj */,
				9CC3BF032089F7ED0037418D /* Products */,
				603DD94C180798A37733E1F6 /* Pods */,
				BB8FD44AE56E0E8A21BCD170 /* Frameworks */,
			);
			sourceTree = "<group>";
		};
		9CC3BF032089F7ED0037418D /* Products */ = {
			isa = PBXGroup;
			children = (
				9CC3BF022089F7ED0037418D /* ZytInjectContentExampleProj.app */,
			);
			name = Products;
			sourceTree = "<group>";
		};
		9CC3BF042089F7ED0037418D /* ZytInjectContentExampleProj */ = {
			isa = PBXGroup;
			children = (
				9CC3BF052089F7ED0037418D /* AppDelegate.h */,
				9CC3BF062089F7ED0037418D /* AppDelegate.m */,
				9CC3BF082089F7ED0037418D /* ViewController.h */,
				9CC3BF092089F7ED0037418D /* ViewController.m */,
				9CC3BF0B2089F7ED0037418D /* Main.storyboard */,
				9CC3BF0E2089F7EF0037418D /* Assets.xcassets */,
				9CC3BF102089F7EF0037418D /* LaunchScreen.storyboard */,
				9CC3BF132089F7EF0037418D /* Info.plist */,
				9CC3BF142089F7EF0037418D /* main.m */,
			);
			path = ZytInjectContentExampleProj;
			sourceTree = "<group>";
		};
		BB8FD44AE56E0E8A21BCD170 /* Frameworks */ = {
			isa = PBXGroup;
			children = (
				D6E2F635DD3ABE5D38295FCA /* libPods-ZytInjectContentExampleProj.a */,
			);
			name = Frameworks;
			sourceTree = "<group>";
		};
/* End PBXGroup section */

/* Begin PBXNativeTarget section */
		9CC3BF012089F7ED0037418D /* ZytInjectContentExampleProj */ = {
			isa = PBXNativeTarget;
			buildConfigurationList = 9CC3BF182089F7EF0037418D /* Build configuration list for PBXNativeTarget "ZytInjectContentExampleProj" */;
			buildPhases = (
				67742FB83B9F72E6877A79B7 /* [CP] Check Pods Manifest.lock */,
				9CC3BEFE2089F7ED0037418D /* Sources */,
				9CC3BEFF2089F7ED0037418D /* Frameworks */,
				9CC3BF002089F7ED0037418D /* Resources */,
				434CD6DA0DC70DDE6015FAA1 /* [CP] Embed Pods Frameworks */,
				17237E68BF1D704B9CE56E09 /* [CP] Copy Pods Resources */,
			);
			buildRules = (
			);
			dependencies = (
			);
			name = ZytInjectContentExampleProj;
			productName = ZytInjectContentExampleProj;
			productReference = 9CC3BF022089F7ED0037418D /* ZytInjectContentExampleProj.app */;
			productType = "com.apple.product-type.application";
		};
/* End PBXNativeTarget section */

/* Begin PBXProject section */
		9CC3BEFA2089F7ED0037418D /* Project object */ = {
			isa = PBXProject;
			attributes = {
				LastUpgradeCheck = 0930;
				ORGANIZATIONNAME = aron;
				TargetAttributes = {
					9CC3BF012089F7ED0037418D = {
						CreatedOnToolsVersion = 9.3;
					};
				};
			};
			buildConfigurationList = 9CC3BEFD2089F7ED0037418D /* Build configuration list for PBXProject "ZytInjectContentExampleProj" */;
			compatibilityVersion = "Xcode 9.3";
			developmentRegion = en;
			hasScannedForEncodings = 0;
			knownRegions = (
				en,
				Base,
			);
			mainGroup = 9CC3BEF92089F7ED0037418D;
			productRefGroup = 9CC3BF032089F7ED0037418D /* Products */;
			projectDirPath = "";
			projectRoot = "";
			targets = (
				9CC3BF012089F7ED0037418D /* ZytInjectContentExampleProj */,
			);
		};
/* End PBXProject section */

/* Begin PBXResourcesBuildPhase section */
		9CC3BF002089F7ED0037418D /* Resources */ = {
			isa = PBXResourcesBuildPhase;
			buildActionMask = 2147483647;
			files = (
				9CC3BF122089F7EF0037418D /* LaunchScreen.storyboard in Resources */,
				9CC3BF0F2089F7EF0037418D /* Assets.xcassets in Resources */,
				9CC3BF0D2089F7ED0037418D /* Main.storyboard in Resources */,
			);
			runOnlyForDeploymentPostprocessing = 0;
		};
/* End PBXResourcesBuildPhase section */

/* Begin PBXShellScriptBuildPhase section */
		17237E68BF1D704B9CE56E09 /* [CP] Copy Pods Resources */ = {
			isa = PBXShellScriptBuildPhase;
			buildActionMask = 2147483647;
			files = (
			);
			inputPaths = (
			);
			name = "[CP] Copy Pods Resources";
			outputPaths = (
			);
			runOnlyForDeploymentPostprocessing = 0;
			shellPath = /bin/sh;
			shellScript = "\"${SRCROOT}/Pods/Target Support Files/Pods-ZytInjectContentExampleProj/Pods-ZytInjectContentExampleProj-resources.sh\"\n";
			showEnvVarsInLog = 0;
		};
		434CD6DA0DC70DDE6015FAA1 /* [CP] Embed Pods Frameworks */ = {
			isa = PBXShellScriptBuildPhase;
			buildActionMask = 2147483647;
			files = (
			);
			inputPaths = (
			);
			name = "[CP] Embed Pods Frameworks";
			outputPaths = (
			);
			runOnlyForDeploymentPostprocessing = 0;
			shellPath = /bin/sh;
			shellScript = "\"${SRCROOT}/Pods/Target Support Files/Pods-ZytInjectContentExampleProj/Pods-ZytInjectContentExampleProj-frameworks.sh\"\n";
			showEnvVarsInLog = 0;
		};
		67742FB83B9F72E6877A79B7 /* [CP] Check Pods Manifest.lock */ = {
			isa = PBXShellScriptBuildPhase;
			buildActionMask = 2147483647;
			files = (
			);
			inputPaths = (
			);
			name = "[CP] Check Pods Manifest.lock";
			outputPaths = (
			);
			runOnlyForDeploymentPostprocessing = 0;
			shellPath = /bin/sh;
			shellScript = "diff \"${PODS_PODFILE_DIR_PATH}/Podfile.lock\" \"${PODS_ROOT}/Manifest.lock\" > /dev/null\nif [ $? != 0 ] ; then\n    # print error to STDERR\n    echo \"error: The sandbox is not in sync with the Podfile.lock. Run 'pod install' or update your CocoaPods installation.\" >&2\n    exit 1\nfi\n";
			showEnvVarsInLog = 0;
		};
/* End PBXShellScriptBuildPhase section */

/* Begin PBXSourcesBuildPhase section */
		9CC3BEFE2089F7ED0037418D /* Sources */ = {
			isa = PBXSourcesBuildPhase;
			buildActionMask = 2147483647;
			files = (
				9CC3BF0A2089F7ED0037418D /* ViewController.m in Sources */,
				9CC3BF152089F7EF0037418D /* main.m in Sources */,
				9CC3BF072089F7ED0037418D /* AppDelegate.m in Sources */,
			);
			runOnlyForDeploymentPostprocessing = 0;
		};
/* End PBXSourcesBuildPhase section */

/* Begin PBXVariantGroup section */
		9CC3BF0B2089F7ED0037418D /* Main.storyboard */ = {
			isa = PBXVariantGroup;
			children = (
				9CC3BF0C2089F7ED0037418D /* Base */,
			);
			name = Main.storyboard;
			sourceTree = "<group>";
		};
		9CC3BF102089F7EF0037418D /* LaunchScreen.storyboard */ = {
			isa = PBXVariantGroup;
			children = (
				9CC3BF112089F7EF0037418D /* Base */,
			);
			name = LaunchScreen.storyboard;
			sourceTree = "<group>";
		};
/* End PBXVariantGroup section */

/* Begin XCBuildConfiguration section */
		9CC3BF162089F7EF0037418D /* Debug */ = {
			isa = XCBuildConfiguration;
			buildSettings = {
				ALWAYS_SEARCH_USER_PATHS = NO;
				CLANG_ANALYZER_NONNULL = YES;
				CLANG_ANALYZER_NUMBER_OBJECT_CONVERSION = YES_AGGRESSIVE;
				CLANG_CXX_LANGUAGE_STANDARD = "gnu++14";
				CLANG_CXX_LIBRARY = "libc++";
				CLANG_ENABLE_MODULES = YES;
				CLANG_ENABLE_OBJC_ARC = YES;
				CLANG_ENABLE_OBJC_WEAK = YES;
				CLANG_WARN_BLOCK_CAPTURE_AUTORELEASING = YES;
				CLANG_WARN_BOOL_CONVERSION = YES;
				CLANG_WARN_COMMA = YES;
				CLANG_WARN_CONSTANT_CONVERSION = YES;
				CLANG_WARN_DEPRECATED_OBJC_IMPLEMENTATIONS = YES;
				CLANG_WARN_DIRECT_OBJC_ISA_USAGE = YES_ERROR;
				CLANG_WARN_DOCUMENTATION_COMMENTS = YES;
				CLANG_WARN_EMPTY_BODY = YES;
				CLANG_WARN_ENUM_CONVERSION = YES;
				CLANG_WARN_INFINITE_RECURSION = YES;
				CLANG_WARN_INT_CONVERSION = YES;
				CLANG_WARN_NON_LITERAL_NULL_CONVERSION = YES;
				CLANG_WARN_OBJC_IMPLICIT_RETAIN_SELF = YES;
				CLANG_WARN_OBJC_LITERAL_CONVERSION = YES;
				CLANG_WARN_OBJC_ROOT_CLASS = YES_ERROR;
				CLANG_WARN_RANGE_LOOP_ANALYSIS = YES;
				CLANG_WARN_STRICT_PROTOTYPES = YES;
				CLANG_WARN_SUSPICIOUS_MOVE = YES;
				CLANG_WARN_UNGUARDED_AVAILABILITY = YES_AGGRESSIVE;
				CLANG_WARN_UNREACHABLE_CODE = YES;
				CLANG_WARN__DUPLICATE_METHOD_MATCH = YES;
				CODE_SIGN_IDENTITY = "iPhone Developer";
				COPY_PHASE_STRIP = NO;
				DEBUG_INFORMATION_FORMAT = dwarf;
				ENABLE_STRICT_OBJC_MSGSEND = YES;
				ENABLE_TESTABILITY = YES;
				GCC_C_LANGUAGE_STANDARD = gnu11;
				GCC_DYNAMIC_NO_PIC = NO;
				GCC_NO_COMMON_BLOCKS = YES;
				GCC_OPTIMIZATION_LEVEL = 0;
				GCC_PREPROCESSOR_DEFINITIONS = (
					"DEBUG=1",
					"$(inherited)",
				);
				GCC_WARN_64_TO_32_BIT_CONVERSION = YES;
				GCC_WARN_ABOUT_RETURN_TYPE = YES_ERROR;
				GCC_WARN_UNDECLARED_SELECTOR = YES;
				GCC_WARN_UNINITIALIZED_AUTOS = YES_AGGRESSIVE;
				GCC_WARN_UNUSED_FUNCTION = YES;
				GCC_WARN_UNUSED_VARIABLE = YES;
				IPHONEOS_DEPLOYMENT_TARGET = 11.3;
				MTL_ENABLE_DEBUG_INFO = YES;
				ONLY_ACTIVE_ARCH = YES;
				SDKROOT = iphoneos;
			};
			name = Debug;
		};
		9CC3BF172089F7EF0037418D /* Release */ = {
			isa = XCBuildConfiguration;
			buildSettings = {
				ALWAYS_SEARCH_USER_PATHS = NO;
				CLANG_ANALYZER_NONNULL = YES;
				CLANG_ANALYZER_NUMBER_OBJECT_CONVERSION = YES_AGGRESSIVE;
				CLANG_CXX_LANGUAGE_STANDARD = "gnu++14";
				CLANG_CXX_LIBRARY = "libc++";
				CLANG_ENABLE_MODULES = YES;
				CLANG_ENABLE_OBJC_ARC = YES;
				CLANG_ENABLE_OBJC_WEAK = YES;
				CLANG_WARN_BLOCK_CAPTURE_AUTORELEASING = YES;
				CLANG_WARN_BOOL_CONVERSION = YES;
				CLANG_WARN_COMMA = YES;
				CLANG_WARN_CONSTANT_CONVERSION = YES;
				CLANG_WARN_DEPRECATED_OBJC_IMPLEMENTATIONS = YES;
				CLANG_WARN_DIRECT_OBJC_ISA_USAGE = YES_ERROR;
				CLANG_WARN_DOCUMENTATION_COMMENTS = YES;
				CLANG_WARN_EMPTY_BODY = YES;
				CLANG_WARN_ENUM_CONVERSION = YES;
				CLANG_WARN_INFINITE_RECURSION = YES;
				CLANG_WARN_INT_CONVERSION = YES;
				CLANG_WARN_NON_LITERAL_NULL_CONVERSION = YES;
				CLANG_WARN_OBJC_IMPLICIT_RETAIN_SELF = YES;
				CLANG_WARN_OBJC_LITERAL_CONVERSION = YES;
				CLANG_WARN_OBJC_ROOT_CLASS = YES_ERROR;
				CLANG_WARN_RANGE_LOOP_ANALYSIS = YES;
				CLANG_WARN_STRICT_PROTOTYPES = YES;
				CLANG_WARN_SUSPICIOUS_MOVE = YES;
				CLANG_WARN_UNGUARDED_AVAILABILITY = YES_AGGRESSIVE;
				CLANG_WARN_UNREACHABLE_CODE = YES;
				CLANG_WARN__DUPLICATE_METHOD_MATCH = YES;
				CODE_SIGN_IDENTITY = "iPhone Developer";
				COPY_PHASE_STRIP = NO;
				DEBUG_INFORMATION_FORMAT = "dwarf-with-dsym";
				ENABLE_NS_ASSERTIONS = NO;
				ENABLE_STRICT_OBJC_MSGSEND = YES;
				GCC_C_LANGUAGE_STANDARD = gnu11;
				GCC_NO_COMMON_BLOCKS = YES;
				GCC_WARN_64_TO_32_BIT_CONVERSION = YES;
				GCC_WARN_ABOUT_RETURN_TYPE = YES_ERROR;
				GCC_WARN_UNDECLARED_SELECTOR = YES;
				GCC_WARN_UNINITIALIZED_AUTOS = YES_AGGRESSIVE;
				GCC_WARN_UNUSED_FUNCTION = YES;
				GCC_WARN_UNUSED_VARIABLE = YES;
				IPHONEOS_DEPLOYMENT_TARGET = 11.3;
				MTL_ENABLE_DEBUG_INFO = NO;
				SDKROOT = iphoneos;
				VALIDATE_PRODUCT = YES;
			};
			name = Release;
		};
		9CC3BF192089F7EF0037418D /* Debug */ = {
			isa = XCBuildConfiguration;
			baseConfigurationReference = 6EECDF403D4AB64DBDE03A27 /* Pods-ZytInjectContentExampleProj.debug.xcconfig */;
			buildSettings = {
				ASSETCATALOG_COMPILER_APPICON_NAME = AppIcon;
				CODE_SIGN_STYLE = Automatic;
				INFOPLIST_FILE = ZytInjectContentExampleProj/Info.plist;
				LD_RUNPATH_SEARCH_PATHS = "$(inherited) @executable_path/Frameworks";
				PRODUCT_BUNDLE_IDENTIFIER = YTT.ZytInjectContentExampleProj;
				PRODUCT_NAME = "$(TARGET_NAME)";
				TARGETED_DEVICE_FAMILY = "1,2";
			};
			name = Debug;
		};
		9CC3BF1A2089F7EF0037418D /* Release */ = {
			isa = XCBuildConfiguration;
			baseConfigurationReference = E22CCB6C0A5D82E982E55495 /* Pods-ZytInjectContentExampleProj.release.xcconfig */;
			buildSettings = {
				ASSETCATALOG_COMPILER_APPICON_NAME = AppIcon;
				CODE_SIGN_STYLE = Automatic;
				INFOPLIST_FILE = ZytInjectContentExampleProj/Info.plist;
				LD_RUNPATH_SEARCH_PATHS = "$(inherited) @executable_path/Frameworks";
				PRODUCT_BUNDLE_IDENTIFIER = YTT.ZytInjectContentExampleProj;
				PRODUCT_NAME = "$(TARGET_NAME)";
				TARGETED_DEVICE_FAMILY = "1,2";
			};
			name = Release;
		};
/* End XCBuildConfiguration section */

/* Begin XCConfigurationList section */
		9CC3BEFD2089F7ED0037418D /* Build configuration list for PBXProject "ZytInjectContentExampleProj" */ = {
			isa = XCConfigurationList;
			buildConfigurations = (
				9CC3BF162089F7EF0037418D /* Debug */,
				9CC3BF172089F7EF0037418D /* Release */,
			);
			defaultConfigurationIsVisible = 0;
			defaultConfigurationName = Release;
		};
		9CC3BF182089F7EF0037418D /* Build configuration list for PBXNativeTarget "ZytInjectContentExampleProj" */ = {
			isa = XCConfigurationList;
			buildConfigurations = (
				9CC3BF192089F7EF0037418D /* Debug */,
				9CC3BF1A2089F7EF0037418D /* Release */,
			);
			defaultConfigurationIsVisible = 0;
			defaultConfigurationName = Release;
		};
/* End XCConfigurationList section */
	};
	rootObject = 9CC3BEFA2089F7ED0037418D /* Project object */;
}
